schema: '2.0'
stages:
  get_data:
    cmd: python src/get_data.py
    deps:
    - path: params.yaml
      hash: md5
      md5: 4a8d7f24736d479a2ef6244495a04a42
      size: 134
    - path: src/get_data.py
      hash: md5
      md5: 3f0ea587d954876e0ba0caa43ce24eb5
      size: 617
    outs:
    - path: data/raw/tips.csv
      hash: md5
      md5: 21a1749bc760e771c7a011b17e17d17b
      size: 8188
  validate_data:
    cmd: python src/validate_data.py
    deps:
    - path: data/raw/tips.csv
      hash: md5
      md5: 21a1749bc760e771c7a011b17e17d17b
      size: 8188
    - path: src/validate_data.py
      hash: md5
      md5: d83a6e2f372d658ada410dd462e9efc0
      size: 4684
    outs:
    - path: reports/validation
      hash: md5
      md5: 7cdc7c8e5375765dd78771238886ac00.dir
      size: 2330
      nfiles: 1
  preprocess:
    cmd: python src/preprocess.py
    deps:
    - path: data/raw/tips.csv
      hash: md5
      md5: 21a1749bc760e771c7a011b17e17d17b
      size: 8188
    - path: src/preprocess.py
      hash: md5
      md5: e6acf608fb22eebda728cd28cf0378d6
      size: 409
    outs:
    - path: data/processed/dataset.csv
      hash: md5
      md5: bc8e6e714dbb45514d81ab3155f03ab9
      size: 3610
  train:
    cmd: python src/train.py
    deps:
    - path: data/processed/dataset.csv
      hash: md5
      md5: bc8e6e714dbb45514d81ab3155f03ab9
      size: 3610
    - path: params.yaml
      hash: md5
      md5: 4a8d7f24736d479a2ef6244495a04a42
      size: 134
    - path: src/train.py
      hash: md5
      md5: 5af3c7dcbe642498896994a702ce6a30
      size: 846
    outs:
    - path: models/model.pkl
      hash: md5
      md5: de747c396efafea2cc23df0f2a9469e1
      size: 824
  evaluate:
    cmd: python src/evaluate.py
    deps:
    - path: data/processed/dataset.csv
      hash: md5
      md5: bc8e6e714dbb45514d81ab3155f03ab9
      size: 3610
    - path: models/model.pkl
      hash: md5
      md5: de747c396efafea2cc23df0f2a9469e1
      size: 824
    - path: params.yaml
      hash: md5
      md5: 4a8d7f24736d479a2ef6244495a04a42
      size: 134
    - path: src/evaluate.py
      hash: md5
      md5: 581d6dc6af695962544f442835c579e9
      size: 1183
    outs:
    - path: metrics/metrics.json
      hash: md5
      md5: 5fd15cfece9a444ca5ed982eda1d0118
      size: 64
  validate_model:
    cmd: python src/validate_model.py
    deps:
    - path: metrics/metrics.json
      hash: md5
      md5: 5fd15cfece9a444ca5ed982eda1d0118
      size: 64
    - path: params.yaml
      hash: md5
      md5: 4a8d7f24736d479a2ef6244495a04a42
      size: 134
    - path: src/validate_model.py
      hash: md5
      md5: f328a9b17839fc00ca136d3e0a7bf6dc
      size: 782
    params:
      params.yaml:
        accuracy_min: 0.75
